// !$*UTF8*$!
{
	archiveVersion = 1;
	classes = {
	};
	objectVersion = 56;
	objects = {

/* Begin PBXBuildFile section */
		DA41A73B2A6A8095008527A3 /* AppDelegate.swift in Sources */ = {isa = PBXBuildFile; fileRef = DA41A73A2A6A8095008527A3 /* AppDelegate.swift */; };
		DA41A73D2A6A8095008527A3 /* SceneDelegate.swift in Sources */ = {isa = PBXBuildFile; fileRef = DA41A73C2A6A8095008527A3 /* SceneDelegate.swift */; };
		DA41A73F2A6A8095008527A3 /* WeatherViewController.swift in Sources */ = {isa = PBXBuildFile; fileRef = DA41A73E2A6A8095008527A3 /* WeatherViewController.swift */; };
		DA41A7422A6A8095008527A3 /* Main.storyboard in Resources */ = {isa = PBXBuildFile; fileRef = DA41A7402A6A8095008527A3 /* Main.storyboard */; };
		DA41A7442A6A8096008527A3 /* Assets.xcassets in Resources */ = {isa = PBXBuildFile; fileRef = DA41A7432A6A8096008527A3 /* Assets.xcassets */; };
		DA41A7472A6A8096008527A3 /* LaunchScreen.storyboard in Resources */ = {isa = PBXBuildFile; fileRef = DA41A7452A6A8096008527A3 /* LaunchScreen.storyboard */; };
		DA9CE0EE2A6A95B30028A0FA /* WeatherManager.swift in Sources */ = {isa = PBXBuildFile; fileRef = DA9CE0ED2A6A95B30028A0FA /* WeatherManager.swift */; };
		DA9CE0F22A6A95E20028A0FA /* WeatherData.swift in Sources */ = {isa = PBXBuildFile; fileRef = DA9CE0F12A6A95E20028A0FA /* WeatherData.swift */; };
		DA9CE0F42A6A95EB0028A0FA /* WeatherModel.swift in Sources */ = {isa = PBXBuildFile; fileRef = DA9CE0F32A6A95EB0028A0FA /* WeatherModel.swift */; };
		DA9CE0F62A6A96B50028A0FA /* Secrets.plist in Resources */ = {isa = PBXBuildFile; fileRef = DA9CE0F52A6A96B50028A0FA /* Secrets.plist */; };
/* End PBXBuildFile section */

/* Begin PBXFileReference section */
		DA41A7372A6A8095008527A3 /* Weather.app */ = {isa = PBXFileReference; explicitFileType = wrapper.application; includeInIndex = 0; path = Weather.app; sourceTree = BUILT_PRODUCTS_DIR; };
		DA41A73A2A6A8095008527A3 /* AppDelegate.swift */ = {isa = PBXFileReference; lastKnownFileType = sourcecode.swift; path = AppDelegate.swift; sourceTree = "<group>"; };
		DA41A73C2A6A8095008527A3 /* SceneDelegate.swift */ = {isa = PBXFileReference; lastKnownFileType = sourcecode.swift; path = SceneDelegate.swift; sourceTree = "<group>"; };
		DA41A73E2A6A8095008527A3 /* WeatherViewController.swift */ = {isa = PBXFileReference; lastKnownFileType = sourcecode.swift; path = WeatherViewController.swift; sourceTree = "<group>"; };
		DA41A7412A6A8095008527A3 /* Base */ = {isa = PBXFileReference; lastKnownFileType = file.storyboard; name = Base; path = Base.lproj/Main.storyboard; sourceTree = "<group>"; };
		DA41A7432A6A8096008527A3 /* Assets.xcassets */ = {isa = PBXFileReference; lastKnownFileType = folder.assetcatalog; path = Assets.xcassets; sourceTree = "<group>"; };
		DA41A7462A6A8096008527A3 /* Base */ = {isa = PBXFileReference; lastKnownFileType = file.storyboard; name = Base; path = Base.lproj/LaunchScreen.storyboard; sourceTree = "<group>"; };
		DA41A7482A6A8096008527A3 /* Info.plist */ = {isa = PBXFileReference; lastKnownFileType = text.plist.xml; path = Info.plist; sourceTree = "<group>"; };
		DA9CE0ED2A6A95B30028A0FA /* WeatherManager.swift */ = {isa = PBXFileReference; lastKnownFileType = sourcecode.swift; path = WeatherManager.swift; sourceTree = "<group>"; };
		DA9CE0F12A6A95E20028A0FA /* WeatherData.swift */ = {isa = PBXFileReference; lastKnownFileType = sourcecode.swift; path = WeatherData.swift; sourceTree = "<group>"; };
		DA9CE0F32A6A95EB0028A0FA /* WeatherModel.swift */ = {isa = PBXFileReference; lastKnownFileType = sourcecode.swift; path = WeatherModel.swift; sourceTree = "<group>"; };
		DA9CE0F52A6A96B50028A0FA /* Secrets.plist */ = {isa = PBXFileReference; lastKnownFileType = text.plist.xml; path = Secrets.plist; sourceTree = "<group>"; };
/* End PBXFileReference section */

/* Begin PBXFrameworksBuildPhase section */
		DA41A7342A6A8095008527A3 /* Frameworks */ = {
			isa = PBXFrameworksBuildPhase;
			buildActionMask = 2147483647;
			files = (
			);
			runOnlyForDeploymentPostprocessing = 0;
		};
/* End PBXFrameworksBuildPhase section */

/* Begin PBXGroup section */
		DA41A72E2A6A8095008527A3 = {
			isa = PBXGroup;
			children = (
				DA41A7392A6A8095008527A3 /* Weather */,
				DA41A7382A6A8095008527A3 /* Products */,
			);
			sourceTree = "<group>";
		};
		DA41A7382A6A8095008527A3 /* Products */ = {
			isa = PBXGroup;
			children = (
				DA41A7372A6A8095008527A3 /* Weather.app */,
			);
			name = Products;
			sourceTree = "<group>";
		};
		DA41A7392A6A8095008527A3 /* Weather */ = {
			isa = PBXGroup;
			children = (
				DA41A73A2A6A8095008527A3 /* AppDelegate.swift */,
				DA41A73C2A6A8095008527A3 /* SceneDelegate.swift */,
				DA9CE0EF2A6A95C30028A0FA /* Model */,
				DA9CE0EC2A6A89790028A0FA /* View */,
				DA9CE0EB2A6A89630028A0FA /* Controllers */,
				DA41A7432A6A8096008527A3 /* Assets.xcassets */,
				DA41A7452A6A8096008527A3 /* LaunchScreen.storyboard */,
				DA41A7482A6A8096008527A3 /* Info.plist */,
				DA9CE0F52A6A96B50028A0FA /* Secrets.plist */,
			);
			path = Weather;
			sourceTree = "<group>";
		};
		DA9CE0EB2A6A89630028A0FA /* Controllers */ = {
			isa = PBXGroup;
			children = (
				DA41A73E2A6A8095008527A3 /* WeatherViewController.swift */,
			);
			path = Controllers;
			sourceTree = "<group>";
		};
		DA9CE0EC2A6A89790028A0FA /* View */ = {
			isa = PBXGroup;
			children = (
				DA41A7402A6A8095008527A3 /* Main.storyboard */,
			);
			path = View;
			sourceTree = "<group>";
		};
		DA9CE0EF2A6A95C30028A0FA /* Model */ = {
			isa = PBXGroup;
			children = (
				DA9CE0ED2A6A95B30028A0FA /* WeatherManager.swift */,
				DA9CE0F12A6A95E20028A0FA /* WeatherData.swift */,
				DA9CE0F32A6A95EB0028A0FA /* WeatherModel.swift */,
			);
			path = Model;
			sourceTree = "<group>";
		};
/* End PBXGroup section */

/* Begin PBXNativeTarget section */
		DA41A7362A6A8095008527A3 /* Weather */ = {
			isa = PBXNativeTarget;
			buildConfigurationList = DA41A74B2A6A8096008527A3 /* Build configuration list for PBXNativeTarget "Weather" */;
			buildPhases = (
				DA41A7332A6A8095008527A3 /* Sources */,
				DA41A7342A6A8095008527A3 /* Frameworks */,
				DA41A7352A6A8095008527A3 /* Resources */,
			);
			buildRules = (
			);
			dependencies = (
			);
			name = Weather;
			productName = Weather;
			productReference = DA41A7372A6A8095008527A3 /* Weather.app */;
			productType = "com.apple.product-type.application";
		};
/* End PBXNativeTarget section */

/* Begin PBXProject section */
		DA41A72F2A6A8095008527A3 /* Project object */ = {
			isa = PBXProject;
			attributes = {
				BuildIndependentTargetsInParallel = 1;
				LastSwiftUpdateCheck = 1430;
				LastUpgradeCheck = 1430;
				TargetAttributes = {
					DA41A7362A6A8095008527A3 = {
						CreatedOnToolsVersion = 14.3.1;
					};
				};
			};
			buildConfigurationList = DA41A7322A6A8095008527A3 /* Build configuration list for PBXProject "Weather" */;
			compatibilityVersion = "Xcode 14.0";
			developmentRegion = en;
			hasScannedForEncodings = 0;
			knownRegions = (
				en,
				Base,
			);
			mainGroup = DA41A72E2A6A8095008527A3;
			productRefGroup = DA41A7382A6A8095008527A3 /* Products */;
			projectDirPath = "";
			projectRoot = "";
			targets = (
				DA41A7362A6A8095008527A3 /* Weather */,
			);
		};
/* End PBXProject section */

/* Begin PBXResourcesBuildPhase section */
		DA41A7352A6A8095008527A3 /* Resources */ = {
			isa = PBXResourcesBuildPhase;
			buildActionMask = 2147483647;
			files = (
				DA9CE0F62A6A96B50028A0FA /* Secrets.plist in Resources */,
				DA41A7472A6A8096008527A3 /* LaunchScreen.storyboard in Resources */,
				DA41A7442A6A8096008527A3 /* Assets.xcassets in Resources */,
				DA41A7422A6A8095008527A3 /* Main.storyboard in Resources */,
			);
			runOnlyForDeploymentPostprocessing = 0;
		};
/* End PBXResourcesBuildPhase section */

/* Begin PBXSourcesBuildPhase section */
		DA41A7332A6A8095008527A3 /* Sources */ = {
			isa = PBXSourcesBuildPhase;
			buildActionMask = 2147483647;
			files = (
				DA41A73F2A6A8095008527A3 /* WeatherViewController.swift in Sources */,
				DA9CE0F22A6A95E20028A0FA /* WeatherData.swift in Sources */,
				DA41A73B2A6A8095008527A3 /* AppDelegate.swift in Sources */,
				DA9CE0EE2A6A95B30028A0FA /* WeatherManager.swift in Sources */,
				DA9CE0F42A6A95EB0028A0FA /* WeatherModel.swift in Sources */,
				DA41A73D2A6A8095008527A3 /* SceneDelegate.swift in Sources */,
			);
			runOnlyForDeploymentPostprocessing = 0;
		};
/* End PBXSourcesBuildPhase section */

/* Begin PBXVariantGroup section */
		DA41A7402A6A8095008527A3 /* Main.storyboard */ = {
			isa = PBXVariantGroup;
			children = (
				DA41A7412A6A8095008527A3 /* Base */,
			);
			name = Main.storyboard;
			sourceTree = "<group>";
		};
		DA41A7452A6A8096008527A3 /* LaunchScreen.storyboard */ = {
			isa = PBXVariantGroup;
			children = (
				DA41A7462A6A8096008527A3 /* Base */,
			);
			name = LaunchScreen.storyboard;
			sourceTree = "<group>";
		};
/* End PBXVariantGroup section */

/* Begin XCBuildConfiguration section */
		DA41A7492A6A8096008527A3 /* Debug */ = {
			isa = XCBuildConfiguration;
			buildSettings = {
				ALWAYS_SEARCH_USER_PATHS = NO;
				CLANG_ANALYZER_NONNULL = YES;
				CLANG_ANALYZER_NUMBER_OBJECT_CONVERSION = YES_AGGRESSIVE;
				CLANG_CXX_LANGUAGE_STANDARD = "gnu++20";
				CLANG_ENABLE_MODULES = YES;
				CLANG_ENABLE_OBJC_ARC = YES;
				CLANG_ENABLE_OBJC_WEAK = YES;
				CLANG_WARN_BLOCK_CAPTURE_AUTORELEASING = YES;
				CLANG_WARN_BOOL_CONVERSION = YES;
				CLANG_WARN_COMMA = YES;
				CLANG_WARN_CONSTANT_CONVERSION = YES;
				CLANG_WARN_DEPRECATED_OBJC_IMPLEMENTATIONS = YES;
				CLANG_WARN_DIRECT_OBJC_ISA_USAGE = YES_ERROR;
				CLANG_WARN_DOCUMENTATION_COMMENTS = YES;
				CLANG_WARN_EMPTY_BODY = YES;
				CLANG_WARN_ENUM_CONVERSION = YES;
				CLANG_WARN_INFINITE_RECURSION = YES;
				CLANG_WARN_INT_CONVERSION = YES;
				CLANG_WARN_NON_LITERAL_NULL_CONVERSION = YES;
				CLANG_WARN_OBJC_IMPLICIT_RETAIN_SELF = YES;
				CLANG_WARN_OBJC_LITERAL_CONVERSION = YES;
				CLANG_WARN_OBJC_ROOT_CLASS = YES_ERROR;
				CLANG_WARN_QUOTED_INCLUDE_IN_FRAMEWORK_HEADER = YES;
				CLANG_WARN_RANGE_LOOP_ANALYSIS = YES;
				CLANG_WARN_STRICT_PROTOTYPES = YES;
				CLANG_WARN_SUSPICIOUS_MOVE = YES;
				CLANG_WARN_UNGUARDED_AVAILABILITY = YES_AGGRESSIVE;
				CLANG_WARN_UNREACHABLE_CODE = YES;
				CLANG_WARN__DUPLICATE_METHOD_MATCH = YES;
				COPY_PHASE_STRIP = NO;
				DEBUG_INFORMATION_FORMAT = dwarf;
				ENABLE_STRICT_OBJC_MSGSEND = YES;
				ENABLE_TESTABILITY = YES;
				GCC_C_LANGUAGE_STANDARD = gnu11;
				GCC_DYNAMIC_NO_PIC = NO;
				GCC_NO_COMMON_BLOCKS = YES;
				GCC_OPTIMIZATION_LEVEL = 0;
				GCC_PREPROCESSOR_DEFINITIONS = (
					"DEBUG=1",
					"$(inherited)",
				);
				GCC_WARN_64_TO_32_BIT_CONVERSION = YES;
				GCC_WARN_ABOUT_RETURN_TYPE = YES_ERROR;
				GCC_WARN_UNDECLARED_SELECTOR = YES;
				GCC_WARN_UNINITIALIZED_AUTOS = YES_AGGRESSIVE;
				GCC_WARN_UNUSED_FUNCTION = YES;
				GCC_WARN_UNUSED_VARIABLE = YES;
				IPHONEOS_DEPLOYMENT_TARGET = 16.4;
				MTL_ENABLE_DEBUG_INFO = INCLUDE_SOURCE;
				MTL_FAST_MATH = YES;
				ONLY_ACTIVE_ARCH = YES;
				SDKROOT = iphoneos;
				SWIFT_ACTIVE_COMPILATION_CONDITIONS = DEBUG;
				SWIFT_OPTIMIZATION_LEVEL = "-Onone";
			};
			name = Debug;
		};
		DA41A74A2A6A8096008527A3 /* Release */ = {
			isa = XCBuildConfiguration;
			buildSettings = {
				ALWAYS_SEARCH_USER_PATHS = NO;
				CLANG_ANALYZER_NONNULL = YES;
				CLANG_ANALYZER_NUMBER_OBJECT_CONVERSION = YES_AGGRESSIVE;
				CLANG_CXX_LANGUAGE_STANDARD = "gnu++20";
				CLANG_ENABLE_MODULES = YES;
				CLANG_ENABLE_OBJC_ARC = YES;
				CLANG_ENABLE_OBJC_WEAK = YES;
				CLANG_WARN_BLOCK_CAPTURE_AUTORELEASING = YES;
				CLANG_WARN_BOOL_CONVERSION = YES;
				CLANG_WARN_COMMA = YES;
				CLANG_WARN_CONSTANT_CONVERSION = YES;
				CLANG_WARN_DEPRECATED_OBJC_IMPLEMENTATIONS = YES;
				CLANG_WARN_DIRECT_OBJC_ISA_USAGE = YES_ERROR;
				CLANG_WARN_DOCUMENTATION_COMMENTS = YES;
				CLANG_WARN_EMPTY_BODY = YES;
				CLANG_WARN_ENUM_CONVERSION = YES;
				CLANG_WARN_INFINITE_RECURSION = YES;
				CLANG_WARN_INT_CONVERSION = YES;
				CLANG_WARN_NON_LITERAL_NULL_CONVERSION = YES;
				CLANG_WARN_OBJC_IMPLICIT_RETAIN_SELF = YES;
				CLANG_WARN_OBJC_LITERAL_CONVERSION = YES;
				CLANG_WARN_OBJC_ROOT_CLASS = YES_ERROR;
				CLANG_WARN_QUOTED_INCLUDE_IN_FRAMEWORK_HEADER = YES;
				CLANG_WARN_RANGE_LOOP_ANALYSIS = YES;
				CLANG_WARN_STRICT_PROTOTYPES = YES;
				CLANG_WARN_SUSPICIOUS_MOVE = YES;
				CLANG_WARN_UNGUARDED_AVAILABILITY = YES_AGGRESSIVE;
				CLANG_WARN_UNREACHABLE_CODE = YES;
				CLANG_WARN__DUPLICATE_METHOD_MATCH = YES;
				COPY_PHASE_STRIP = NO;
				DEBUG_INFORMATION_FORMAT = "dwarf-with-dsym";
				ENABLE_NS_ASSERTIONS = NO;
				ENABLE_STRICT_OBJC_MSGSEND = YES;
				GCC_C_LANGUAGE_STANDARD = gnu11;
				GCC_NO_COMMON_BLOCKS = YES;
				GCC_WARN_64_TO_32_BIT_CONVERSION = YES;
				GCC_WARN_ABOUT_RETURN_TYPE = YES_ERROR;
				GCC_WARN_UNDECLARED_SELECTOR = YES;
				GCC_WARN_UNINITIALIZED_AUTOS = YES_AGGRESSIVE;
				GCC_WARN_UNUSED_FUNCTION = YES;
				GCC_WARN_UNUSED_VARIABLE = YES;
				IPHONEOS_DEPLOYMENT_TARGET = 16.4;
				MTL_ENABLE_DEBUG_INFO = NO;
				MTL_FAST_MATH = YES;
				SDKROOT = iphoneos;
				SWIFT_COMPILATION_MODE = wholemodule;
				SWIFT_OPTIMIZATION_LEVEL = "-O";
				VALIDATE_PRODUCT = YES;
			};
			name = Release;
		};
		DA41A74C2A6A8096008527A3 /* Debug */ = {
			isa = XCBuildConfiguration;
			buildSettings = {
				ASSETCATALOG_COMPILER_APPICON_NAME = AppIcon;
				ASSETCATALOG_COMPILER_GLOBAL_ACCENT_COLOR_NAME = AccentColor;
				CODE_SIGN_STYLE = Automatic;
				CURRENT_PROJECT_VERSION = 1;
				DEVELOPMENT_TEAM = 6P9SY594KU;
				GENERATE_INFOPLIST_FILE = YES;
				INFOPLIST_FILE = Weather/Info.plist;
				INFOPLIST_KEY_UIApplicationSupportsIndirectInputEvents = YES;
				INFOPLIST_KEY_UILaunchStoryboardName = LaunchScreen;
				INFOPLIST_KEY_UIMainStoryboardFile = Main;
				INFOPLIST_KEY_UISupportedInterfaceOrientations_iPad = "UIInterfaceOrientationPortrait UIInterfaceOrientationPortraitUpsideDown UIInterfaceOrientationLandscapeLeft UIInterfaceOrientationLandscapeRight";
				INFOPLIST_KEY_UISupportedInterfaceOrientations_iPhone = "UIInterfaceOrientationPortrait UIInterfaceOrientationLandscapeLeft UIInterfaceOrientationLandscapeRight";
				LD_RUNPATH_SEARCH_PATHS = (
					"$(inherited)",
					"@executable_path/Frameworks",
				);
				MARKETING_VERSION = 1.0;
				PRODUCT_BUNDLE_IDENTIFIER = com.puscaspaul.Weather;
				PRODUCT_NAME = "$(TARGET_NAME)";
				SWIFT_EMIT_LOC_STRINGS = YES;
				SWIFT_VERSION = 5.0;
				TARGETED_DEVICE_FAMILY = "1,2";
			};
			name = Debug;
		};
		DA41A74D2A6A8096008527A3 /* Release */ = {
			isa = XCBuildConfiguration;
			buildSettings = {
				ASSETCATALOG_COMPILER_APPICON_NAME = AppIcon;
				ASSETCATALOG_COMPILER_GLOBAL_ACCENT_COLOR_NAME = AccentColor;
				CODE_SIGN_STYLE = Automatic;
				CURRENT_PROJECT_VERSION = 1;
				DEVELOPMENT_TEAM = 6P9SY594KU;
				GENERATE_INFOPLIST_FILE = YES;
				INFOPLIST_FILE = Weather/Info.plist;
				INFOPLIST_KEY_UIApplicationSupportsIndirectInputEvents = YES;
				INFOPLIST_KEY_UILaunchStoryboardName = LaunchScreen;
				INFOPLIST_KEY_UIMainStoryboardFile = Main;
				INFOPLIST_KEY_UISupportedInterfaceOrientations_iPad = "UIInterfaceOrientationPortrait UIInterfaceOrientationPortraitUpsideDown UIInterfaceOrientationLandscapeLeft UIInterfaceOrientationLandscapeRight";
				INFOPLIST_KEY_UISupportedInterfaceOrientations_iPhone = "UIInterfaceOrientationPortrait UIInterfaceOrientationLandscapeLeft UIInterfaceOrientationLandscapeRight";
				LD_RUNPATH_SEARCH_PATHS = (
					"$(inherited)",
					"@executable_path/Frameworks",
				);
				MARKETING_VERSION = 1.0;
				PRODUCT_BUNDLE_IDENTIFIER = com.puscaspaul.Weather;
				PRODUCT_NAME = "$(TARGET_NAME)";
				SWIFT_EMIT_LOC_STRINGS = YES;
				SWIFT_VERSION = 5.0;
				TARGETED_DEVICE_FAMILY = "1,2";
			};
			name = Release;
		};
/* End XCBuildConfiguration section */

/* Begin XCConfigurationList section */
		DA41A7322A6A8095008527A3 /* Build configuration list for PBXProject "Weather" */ = {
			isa = XCConfigurationList;
			buildConfigurations = (
				DA41A7492A6A8096008527A3 /* Debug */,
				DA41A74A2A6A8096008527A3 /* Release */,
			);
			defaultConfigurationIsVisible = 0;
			defaultConfigurationName = Release;
		};
		DA41A74B2A6A8096008527A3 /* Build configuration list for PBXNativeTarget "Weather" */ = {
			isa = XCConfigurationList;
			buildConfigurations = (
				DA41A74C2A6A8096008527A3 /* Debug */,
				DA41A74D2A6A8096008527A3 /* Release */,
			);
			defaultConfigurationIsVisible = 0;
			defaultConfigurationName = Release;
		};
/* End XCConfigurationList section */
	};
	rootObject = DA41A72F2A6A8095008527A3 /* Project object */;
}
